<?xml version="1.0" encoding="utf-8"?>
<Project ToolsVersion="4.0" xmlns="http://schemas.microsoft.com/developer/msbuild/2003">
  <ItemGroup>
    <Filter Include="Source Files">
      <UniqueIdentifier>{4FC737F1-C7A5-4376-A066-2A32D752A2FF}</UniqueIdentifier>
      <Extensions>cpp;cxx;c;def</Extensions>
    </Filter>
    <Filter Include="Header Files">
      <UniqueIdentifier>{93995380-89BD-4b04-88EB-625FBE52EBFB}</UniqueIdentifier>
      <Extensions>h</Extensions>
    </Filter>
    <Filter Include="Resource Files">
      <UniqueIdentifier>{D9D6E242-F8AF-46E4-B9FD-80ECBC20BA3E}</UniqueIdentifier>
      <Extensions>qrc;*</Extensions>
      <ParseFiles>false</ParseFiles>
    </Filter>
    <Filter Include="Generated Files">
      <UniqueIdentifier>{71ED8ED8-ACB9-4CE9-BBE1-E00B30144E11}</UniqueIdentifier>
      <Extensions>moc;h;cpp</Extensions>
      <SourceControlFiles>False</SourceControlFiles>
    </Filter>
    <Filter Include="Unit Testing Files">
      <UniqueIdentifier>{20e31c1f-acb1-4f97-bfc7-2319fb2b455e}</UniqueIdentifier>
    </Filter>
    <Filter Include="Source Files\Command">
      <UniqueIdentifier>{7c521a57-66b1-4041-b782-bff9fe6dd74e}</UniqueIdentifier>
    </Filter>
    <Filter Include="Source Files\Component">
      <UniqueIdentifier>{26616117-1bc8-4c0b-b032-0dd6959a0296}</UniqueIdentifier>
    </Filter>
    <Filter Include="Source Files\Graphics">
      <UniqueIdentifier>{3f58ab88-52a3-4988-b6e7-7e99e608e517}</UniqueIdentifier>
    </Filter>
    <Filter Include="Source Files\Model">
      <UniqueIdentifier>{9a39f471-ade2-412e-bc8b-e25a035f32b3}</UniqueIdentifier>
    </Filter>
    <Filter Include="Source Files\Observer">
      <UniqueIdentifier>{bd0224b0-98e9-4bb5-b0cc-b94e6e1c722f}</UniqueIdentifier>
    </Filter>
    <Filter Include="Source Files\SimpleFactory">
      <UniqueIdentifier>{c81f310d-6874-4542-814e-c50b52fa87c9}</UniqueIdentifier>
    </Filter>
    <Filter Include="Generated Files\Debug">
      <UniqueIdentifier>{d59c9dd5-1f00-44a2-80bc-bff3c968eb18}</UniqueIdentifier>
      <Extensions>cpp;moc</Extensions>
      <SourceControlFiles>False</SourceControlFiles>
    </Filter>
    <Filter Include="Generated Files\Release">
      <UniqueIdentifier>{31b4edd2-7d51-482f-ba02-85b76d34c084}</UniqueIdentifier>
      <Extensions>cpp;moc</Extensions>
      <SourceControlFiles>False</SourceControlFiles>
    </Filter>
  </ItemGroup>
  <ItemGroup>
    <ClCompile Include="..\MindMap\ChangeParentCommand.cpp">
      <Filter>Source Files\Command</Filter>
    </ClCompile>
    <ClCompile Include="..\MindMap\Command.cpp">
      <Filter>Source Files\Command</Filter>
    </ClCompile>
    <ClCompile Include="..\MindMap\CommandManger.cpp">
      <Filter>Source Files\Command</Filter>
    </ClCompile>
    <ClCompile Include="..\MindMap\DeleteComponentCommand.cpp">
      <Filter>Source Files\Command</Filter>
    </ClCompile>
    <ClCompile Include="..\MindMap\EditComponentCommand.cpp">
      <Filter>Source Files\Command</Filter>
    </ClCompile>
    <ClCompile Include="..\MindMap\InsertAChildNodeCmd.cpp">
      <Filter>Source Files\Command</Filter>
    </ClCompile>
    <ClCompile Include="..\MindMap\InsertAParentNodeCmd.cpp">
      <Filter>Source Files\Command</Filter>
    </ClCompile>
    <ClCompile Include="..\MindMap\InsertASiblingNodeCmd.cpp">
      <Filter>Source Files\Command</Filter>
    </ClCompile>
    <ClCompile Include="..\MindMap\Component.cpp">
      <Filter>Source Files\Component</Filter>
    </ClCompile>
    <ClCompile Include="..\MindMap\Composite.cpp">
      <Filter>Source Files\Component</Filter>
    </ClCompile>
    <ClCompile Include="..\MindMap\Node.cpp">
      <Filter>Source Files\Component</Filter>
    </ClCompile>
    <ClCompile Include="..\MindMap\Root.cpp">
      <Filter>Source Files\Component</Filter>
    </ClCompile>
    <ClCompile Include="..\MindMap\Model.cpp">
      <Filter>Source Files\Model</Filter>
    </ClCompile>
    <ClCompile Include="..\MindMap\IObserver.cpp">
      <Filter>Source Files\Observer</Filter>
    </ClCompile>
    <ClCompile Include="..\MindMap\Subject.cpp">
      <Filter>Source Files\Observer</Filter>
    </ClCompile>
    <ClCompile Include="..\MindMap\ComponentFactory.cpp">
      <Filter>Source Files\SimpleFactory</Filter>
    </ClCompile>
    <ClCompile Include="CommandMangerTest.cpp">
      <Filter>Unit Testing Files</Filter>
    </ClCompile>
    <ClCompile Include="ComponentFactoryTest.cpp">
      <Filter>Unit Testing Files</Filter>
    </ClCompile>
    <ClCompile Include="ComponentTest.cpp">
      <Filter>Unit Testing Files</Filter>
    </ClCompile>
    <ClCompile Include="CompositeTest.cpp">
      <Filter>Unit Testing Files</Filter>
    </ClCompile>
    <ClCompile Include="IntegrationTest.cpp">
      <Filter>Unit Testing Files</Filter>
    </ClCompile>
    <ClCompile Include="ModelTest.cpp">
      <Filter>Unit Testing Files</Filter>
    </ClCompile>
    <ClCompile Include="NodeTest.cpp">
      <Filter>Unit Testing Files</Filter>
    </ClCompile>
    <ClCompile Include="RootTest.cpp">
      <Filter>Unit Testing Files</Filter>
    </ClCompile>
    <ClCompile Include="..\MindMap\PresentationModel.cpp">
      <Filter>Source Files\Model</Filter>
    </ClCompile>
    <ClCompile Include="..\MindMap\GraphicsNode.cpp">
      <Filter>Source Files\Graphics</Filter>
    </ClCompile>
    <ClCompile Include="main.cpp">
      <Filter>Unit Testing Files</Filter>
    </ClCompile>
  </ItemGroup>
  <ItemGroup>
    <CustomBuild Include="..\MindMap\GraphicsNode.h">
      <Filter>Header Files</Filter>
    </CustomBuild>
  </ItemGroup>
</Project>